
Microsoft Visual Studio Solution File, Format Version 12.00
# Visual Studio Version 17
VisualStudioVersion = 17.1.32328.378
MinimumVisualStudioVersion = 10.0.40219.1
Project("{FAE04EC0-301F-11D3-BF4B-00C04F79EFBC}") = "MinimalAPICatalogo", "MinimalAPICatalogo\MinimalAPICatalogo.csproj", "{AF5B114E-F5F4-46C3-A5F7-3A486315291C}"
EndProject
Global
	GlobalSection(SolutionConfigurationPlatforms) = preSolution
		Debug|Any CPU = Debug|Any CPU
		Release|Any CPU = Release|Any CPU
	EndGlobalSection
	GlobalSection(ProjectConfigurationPlatforms) = postSolution
		{AF5B114E-F5F4-46C3-A5F7-3A486315291C}.Debug|Any CPU.ActiveCfg = Debug|Any CPU
		{AF5B114E-F5F4-46C3-A5F7-3A486315291C}.Debug|Any CPU.Build.0 = Debug|Any CPU
		{AF5B114E-F5F4-46C3-A5F7-3A486315291C}.Release|Any CPU.ActiveCfg = Release|Any CPU
		{AF5B114E-F5F4-46C3-A5F7-3A486315291C}.Release|Any CPU.Build.0 = Release|Any CPU
	EndGlobalSection
	GlobalSection(SolutionProperties) = preSolution
		HideSolutionNode = FALSE
	EndGlobalSection
	GlobalSection(ExtensibilityGlobals) = postSolution
		SolutionGuid = {B3340C81-88A4-4909-9FA8-B3D71AD4F5B3}
	EndGlobalSection
EndGlobal
